
Microsoft Visual Studio Solution File, Format Version 12.00
# Visual Studio 2013
VisualStudioVersion = 12.0.31101.0
MinimumVisualStudioVersion = 10.0.40219.1
Project("{FAE04EC0-301F-11D3-BF4B-00C04F79EFBC}") = "nuPickers", "nuPickers\nuPickers.csproj", "{FB665B93-6D85-4040-AB20-003B728E3ACA}"
EndProject
Project("{2150E333-8FDC-42A3-9474-1A3956D46DE8}") = ".nuget", ".nuget", "{531937B6-4B81-4A61-82B6-5C441C35E5EE}"
	ProjectSection(SolutionItems) = preProject
		.nuget\NuGet.Config = .nuget\NuGet.Config
		.nuget\NuGet.exe = .nuget\NuGet.exe
		.nuget\NuGet.targets = .nuget\NuGet.targets
	EndProjectSection
EndProject
Project("{2150E333-8FDC-42A3-9474-1A3956D46DE8}") = "package", "package", "{A7633875-BD4A-4C38-87BC-E908109DBDD2}"
	ProjectSection(SolutionItems) = preProject
		..\appveyor.yml = ..\appveyor.yml
		..\package\Build.bat = ..\package\Build.bat
		..\package\LocalBuild.bat = ..\package\LocalBuild.bat
		..\package\package.nuspec = ..\package\package.nuspec
		..\package\package.proj = ..\package\package.proj
		..\package\package.xml = ..\package\package.xml
		..\README.md = ..\README.md
	EndProjectSection
EndProject
Global
	GlobalSection(SolutionConfigurationPlatforms) = preSolution
		Debug|Any CPU = Debug|Any CPU
		Release|Any CPU = Release|Any CPU
	EndGlobalSection
	GlobalSection(ProjectConfigurationPlatforms) = postSolution
		{FB665B93-6D85-4040-AB20-003B728E3ACA}.Debug|Any CPU.ActiveCfg = Debug|Any CPU
		{FB665B93-6D85-4040-AB20-003B728E3ACA}.Debug|Any CPU.Build.0 = Debug|Any CPU
		{FB665B93-6D85-4040-AB20-003B728E3ACA}.Release|Any CPU.ActiveCfg = Release|Any CPU
		{FB665B93-6D85-4040-AB20-003B728E3ACA}.Release|Any CPU.Build.0 = Release|Any CPU
	EndGlobalSection
	GlobalSection(SolutionProperties) = preSolution
		HideSolutionNode = FALSE
	EndGlobalSection
EndGlobal
